
Microsoft Visual Studio Solution File, Format Version 12.00
# Visual Studio 2012
Project("{2150E333-8FDC-42A3-9474-1A3956D46DE8}") = "07_Orm", "07_Orm", "{082EE397-4463-48B5-AAF8-752679ED1415}"
EndProject
Project("{2150E333-8FDC-42A3-9474-1A3956D46DE8}") = "00_Common", "00_Common", "{A0F3DF4E-69CD-4D4B-AFBA-EC0CAD5B08AA}"
EndProject
Project("{2150E333-8FDC-42A3-9474-1A3956D46DE8}") = "04_DAL", "04_DAL", "{967FE9DA-5B47-4A42-AFDC-8EE383EB33BF}"
EndProject
Project("{2150E333-8FDC-42A3-9474-1A3956D46DE8}") = "03_BLL", "03_BLL", "{5FE0BF33-7359-4158-AE8F-BC518AD4F8D7}"
EndProject
Project("{2150E333-8FDC-42A3-9474-1A3956D46DE8}") = "06_Cache", "06_Cache", "{606A1CC8-0DFB-4E5A-BDDB-E4C62F54611B}"
EndProject
Project("{2150E333-8FDC-42A3-9474-1A3956D46DE8}") = "02_Operate", "02_Operate", "{D4E8B5B4-E905-4ED6-A7DC-6FC8E9143CD8}"
EndProject
Project("{2150E333-8FDC-42A3-9474-1A3956D46DE8}") = "05_Model", "05_Model", "{C1DCF24C-9CAE-4EBC-8DAD-479B47836E03}"
EndProject
Project("{2150E333-8FDC-42A3-9474-1A3956D46DE8}") = "01_UI", "01_UI", "{70178E9B-1F4D-4228-A95C-12774E7059DF}"
EndProject
Project("{2150E333-8FDC-42A3-9474-1A3956D46DE8}") = "08_OutSide", "08_OutSide", "{B3FC9104-56ED-423B-8713-87FCB4175FE4}"
EndProject
Project("{FAE04EC0-301F-11D3-BF4B-00C04F79EFBC}") = "Rookey.Frame.Common", "Rookey.Frame.Common\Rookey.Frame.Common.csproj", "{B6A7B291-9F23-40D2-8DC4-3A63F35F0EB0}"
EndProject
Project("{FAE04EC0-301F-11D3-BF4B-00C04F79EFBC}") = "Rookey.Frame.Controllers", "Rookey.Frame.Controllers\Rookey.Frame.Controllers.csproj", "{D7921231-B897-4A94-8C70-0B0E66B3C09E}"
EndProject
Project("{FAE04EC0-301F-11D3-BF4B-00C04F79EFBC}") = "Rookey.Frame.UIOperate", "Rookey.Frame.UIOperate\Rookey.Frame.UIOperate.csproj", "{1DBC040B-98DF-4B27-8DDC-3847BDE3C391}"
EndProject
Project("{FAE04EC0-301F-11D3-BF4B-00C04F79EFBC}") = "Rookey.Frame.Web", "Rookey.Frame.Web\Rookey.Frame.Web.csproj", "{64BF5C5F-FE1B-42D5-8255-DC6F41242D9F}"
EndProject
Project("{FAE04EC0-301F-11D3-BF4B-00C04F79EFBC}") = "Rookey.Frame.Base", "Rookey.Frame.Base\Rookey.Frame.Base.csproj", "{628FF3D3-B976-4EAC-90E8-A19DD338613E}"
EndProject
Project("{FAE04EC0-301F-11D3-BF4B-00C04F79EFBC}") = "Rookey.Frame.Operate.Base", "Rookey.Frame.Operate.Base\Rookey.Frame.Operate.Base.csproj", "{96D1A48C-8711-4AC8-BF63-0023B711AC21}"
EndProject
Project("{FAE04EC0-301F-11D3-BF4B-00C04F79EFBC}") = "Rookey.Frame.BLL", "Rookey.Frame.BLL\Rookey.Frame.BLL.csproj", "{EC73C2AA-2D9C-4CD9-87DD-D988D151C450}"
EndProject
Project("{FAE04EC0-301F-11D3-BF4B-00C04F79EFBC}") = "Rookey.Frame.Bridge", "Rookey.Frame.Bridge\Rookey.Frame.Bridge.csproj", "{A1016C83-7FBF-4FBF-A658-AEC6EAE80E93}"
EndProject
Project("{FAE04EC0-301F-11D3-BF4B-00C04F79EFBC}") = "Rookey.Frame.IBLL", "Rookey.Frame.IBLL\Rookey.Frame.IBLL.csproj", "{859BD5F7-21CE-481B-A34B-7DDC8497EACC}"
EndProject
Project("{FAE04EC0-301F-11D3-BF4B-00C04F79EFBC}") = "Rookey.Frame.DAL", "Rookey.Frame.DAL\Rookey.Frame.DAL.csproj", "{C4D1F310-29B2-4019-9C4F-C9C587A99279}"
EndProject
Project("{FAE04EC0-301F-11D3-BF4B-00C04F79EFBC}") = "Rookey.Frame.DALFactory", "Rookey.Frame.DALFactory\Rookey.Frame.DALFactory.csproj", "{1DFE7B77-5BDA-4879-BC74-25EE99E61D37}"
EndProject
Project("{FAE04EC0-301F-11D3-BF4B-00C04F79EFBC}") = "Rookey.Frame.IDAL", "Rookey.Frame.IDAL\Rookey.Frame.IDAL.csproj", "{A8744779-B3CE-49F0-95AF-2906BD9891FF}"
EndProject
Project("{FAE04EC0-301F-11D3-BF4B-00C04F79EFBC}") = "Rookey.Frame.EntityBase", "Rookey.Frame.EntityBase\Rookey.Frame.EntityBase.csproj", "{CA335D51-BCD7-4D88-8016-57DEA03FC6C1}"
EndProject
Project("{FAE04EC0-301F-11D3-BF4B-00C04F79EFBC}") = "Rookey.Frame.Model", "Rookey.Frame.Model\Rookey.Frame.Model.csproj", "{C49902E4-7448-45FF-B336-A590E80BCCFA}"
EndProject
Project("{FAE04EC0-301F-11D3-BF4B-00C04F79EFBC}") = "Rookey.Frame.ModelValidator", "Rookey.Frame.ModelValidator\Rookey.Frame.ModelValidator.csproj", "{DF86D569-7601-4F38-9C8E-6B22DFF0CD9B}"
EndProject
Project("{FAE04EC0-301F-11D3-BF4B-00C04F79EFBC}") = "Rookey.Frame.Cache.Factory", "Rookey.Frame.Cache.Factory\Rookey.Frame.Cache.Factory.csproj", "{27F90856-0ADE-4E6F-AC0A-94EB3BE7C0DD}"
EndProject
Project("{FAE04EC0-301F-11D3-BF4B-00C04F79EFBC}") = "Rookey.Frame.Cache.Memcached", "Rookey.Frame.Cache.Memcached\Rookey.Frame.Cache.Memcached.csproj", "{803AAC10-494C-4609-868A-6A9CB4BD49D4}"
EndProject
Project("{FAE04EC0-301F-11D3-BF4B-00C04F79EFBC}") = "Rookey.Frame.Orm.Base", "Rookey.Frame.Orm.Base\Rookey.Frame.Orm.Base.csproj", "{6A833954-44BB-4916-A0C0-8CF313CEB98A}"
EndProject
Project("{FAE04EC0-301F-11D3-BF4B-00C04F79EFBC}") = "Rookey.Frame.Orm.MySql", "Rookey.Frame.Orm.MySql\Rookey.Frame.Orm.MySql.csproj", "{219A8D42-970A-4BDA-AB0A-E9F1A7F0E62A}"
EndProject
Project("{FAE04EC0-301F-11D3-BF4B-00C04F79EFBC}") = "Rookey.Frame.Orm.Oracle", "Rookey.Frame.Orm.Oracle\Rookey.Frame.Orm.Oracle.csproj", "{1F32FCF0-CE47-4640-8852-05FA6231E22C}"
EndProject
Project("{FAE04EC0-301F-11D3-BF4B-00C04F79EFBC}") = "Rookey.Frame.Orm.SqlServer", "Rookey.Frame.Orm.SqlServer\Rookey.Frame.Orm.SqlServer.csproj", "{1887DC99-9139-43E3-A7AA-6D74714B3A5D}"
EndProject
Project("{FAE04EC0-301F-11D3-BF4B-00C04F79EFBC}") = "Rookey.Frame.AutoProcess", "Rookey.Frame.AutoProcess\Rookey.Frame.AutoProcess.csproj", "{EDA54753-62E3-4722-A28E-201F1CCE3F33}"
EndProject
Project("{FAE04EC0-301F-11D3-BF4B-00C04F79EFBC}") = "Rookey.Frame.Email", "Rookey.Frame.Email\Rookey.Frame.Email.csproj", "{A6AB5F5E-55D1-467E-90EB-60464BB19B42}"
EndProject
Project("{FAE04EC0-301F-11D3-BF4B-00C04F79EFBC}") = "Rookey.Frame.Office", "Rookey.Frame.Office\Rookey.Frame.Office.csproj", "{BAE9A2EA-EEE9-409E-A939-3673A5375677}"
EndProject
Project("{FAE04EC0-301F-11D3-BF4B-00C04F79EFBC}") = "Rookey.Frame.QuartzClient", "Rookey.Frame.QuartzClient\Rookey.Frame.QuartzClient.csproj", "{A1366A1F-40ED-4D71-95BD-B40980B9F4E2}"
EndProject
Project("{FAE04EC0-301F-11D3-BF4B-00C04F79EFBC}") = "Rookey.Frame.QuartzService", "Rookey.Frame.QuartzService\Rookey.Frame.QuartzService.csproj", "{1047D35F-2EE8-44A7-9BA4-F1A8E8E70470}"
EndProject
Global
	GlobalSection(SolutionConfigurationPlatforms) = preSolution
		Debug|Any CPU = Debug|Any CPU
		Debug|x64 = Debug|x64
		Release|Any CPU = Release|Any CPU
		Release|x64 = Release|x64
		Signed|Any CPU = Signed|Any CPU
		Signed|x64 = Signed|x64
	EndGlobalSection
	GlobalSection(ProjectConfigurationPlatforms) = postSolution
		{B6A7B291-9F23-40D2-8DC4-3A63F35F0EB0}.Debug|Any CPU.ActiveCfg = Debug|Any CPU
		{B6A7B291-9F23-40D2-8DC4-3A63F35F0EB0}.Debug|Any CPU.Build.0 = Debug|Any CPU
		{B6A7B291-9F23-40D2-8DC4-3A63F35F0EB0}.Debug|x64.ActiveCfg = Debug|Any CPU
		{B6A7B291-9F23-40D2-8DC4-3A63F35F0EB0}.Release|Any CPU.ActiveCfg = Release|Any CPU
		{B6A7B291-9F23-40D2-8DC4-3A63F35F0EB0}.Release|Any CPU.Build.0 = Release|Any CPU
		{B6A7B291-9F23-40D2-8DC4-3A63F35F0EB0}.Release|x64.ActiveCfg = Release|Any CPU
		{B6A7B291-9F23-40D2-8DC4-3A63F35F0EB0}.Signed|Any CPU.ActiveCfg = Release|Any CPU
		{B6A7B291-9F23-40D2-8DC4-3A63F35F0EB0}.Signed|Any CPU.Build.0 = Release|Any CPU
		{B6A7B291-9F23-40D2-8DC4-3A63F35F0EB0}.Signed|x64.ActiveCfg = Release|Any CPU
		{D7921231-B897-4A94-8C70-0B0E66B3C09E}.Debug|Any CPU.ActiveCfg = Debug|Any CPU
		{D7921231-B897-4A94-8C70-0B0E66B3C09E}.Debug|Any CPU.Build.0 = Debug|Any CPU
		{D7921231-B897-4A94-8C70-0B0E66B3C09E}.Debug|x64.ActiveCfg = Debug|Any CPU
		{D7921231-B897-4A94-8C70-0B0E66B3C09E}.Release|Any CPU.ActiveCfg = Release|Any CPU
		{D7921231-B897-4A94-8C70-0B0E66B3C09E}.Release|Any CPU.Build.0 = Release|Any CPU
		{D7921231-B897-4A94-8C70-0B0E66B3C09E}.Release|x64.ActiveCfg = Release|Any CPU
		{D7921231-B897-4A94-8C70-0B0E66B3C09E}.Signed|Any CPU.ActiveCfg = Release|Any CPU
		{D7921231-B897-4A94-8C70-0B0E66B3C09E}.Signed|Any CPU.Build.0 = Release|Any CPU
		{D7921231-B897-4A94-8C70-0B0E66B3C09E}.Signed|x64.ActiveCfg = Release|Any CPU
		{1DBC040B-98DF-4B27-8DDC-3847BDE3C391}.Debug|Any CPU.ActiveCfg = Debug|Any CPU
		{1DBC040B-98DF-4B27-8DDC-3847BDE3C391}.Debug|Any CPU.Build.0 = Debug|Any CPU
		{1DBC040B-98DF-4B27-8DDC-3847BDE3C391}.Debug|x64.ActiveCfg = Debug|Any CPU
		{1DBC040B-98DF-4B27-8DDC-3847BDE3C391}.Release|Any CPU.ActiveCfg = Release|Any CPU
		{1DBC040B-98DF-4B27-8DDC-3847BDE3C391}.Release|Any CPU.Build.0 = Release|Any CPU
		{1DBC040B-98DF-4B27-8DDC-3847BDE3C391}.Release|x64.ActiveCfg = Release|Any CPU
		{1DBC040B-98DF-4B27-8DDC-3847BDE3C391}.Signed|Any CPU.ActiveCfg = Release|Any CPU
		{1DBC040B-98DF-4B27-8DDC-3847BDE3C391}.Signed|Any CPU.Build.0 = Release|Any CPU
		{1DBC040B-98DF-4B27-8DDC-3847BDE3C391}.Signed|x64.ActiveCfg = Release|Any CPU
		{64BF5C5F-FE1B-42D5-8255-DC6F41242D9F}.Debug|Any CPU.ActiveCfg = Debug|Any CPU
		{64BF5C5F-FE1B-42D5-8255-DC6F41242D9F}.Debug|Any CPU.Build.0 = Debug|Any CPU
		{64BF5C5F-FE1B-42D5-8255-DC6F41242D9F}.Debug|x64.ActiveCfg = Debug|Any CPU
		{64BF5C5F-FE1B-42D5-8255-DC6F41242D9F}.Release|Any CPU.ActiveCfg = Release|Any CPU
		{64BF5C5F-FE1B-42D5-8255-DC6F41242D9F}.Release|Any CPU.Build.0 = Release|Any CPU
		{64BF5C5F-FE1B-42D5-8255-DC6F41242D9F}.Release|x64.ActiveCfg = Release|Any CPU
		{64BF5C5F-FE1B-42D5-8255-DC6F41242D9F}.Signed|Any CPU.ActiveCfg = Release|Any CPU
		{64BF5C5F-FE1B-42D5-8255-DC6F41242D9F}.Signed|Any CPU.Build.0 = Release|Any CPU
		{64BF5C5F-FE1B-42D5-8255-DC6F41242D9F}.Signed|x64.ActiveCfg = Release|Any CPU
		{628FF3D3-B976-4EAC-90E8-A19DD338613E}.Debug|Any CPU.ActiveCfg = Debug|Any CPU
		{628FF3D3-B976-4EAC-90E8-A19DD338613E}.Debug|Any CPU.Build.0 = Debug|Any CPU
		{628FF3D3-B976-4EAC-90E8-A19DD338613E}.Debug|x64.ActiveCfg = Debug|Any CPU
		{628FF3D3-B976-4EAC-90E8-A19DD338613E}.Release|Any CPU.ActiveCfg = Release|Any CPU
		{628FF3D3-B976-4EAC-90E8-A19DD338613E}.Release|Any CPU.Build.0 = Release|Any CPU
		{628FF3D3-B976-4EAC-90E8-A19DD338613E}.Release|x64.ActiveCfg = Release|Any CPU
		{628FF3D3-B976-4EAC-90E8-A19DD338613E}.Signed|Any CPU.ActiveCfg = Release|Any CPU
		{628FF3D3-B976-4EAC-90E8-A19DD338613E}.Signed|Any CPU.Build.0 = Release|Any CPU
		{628FF3D3-B976-4EAC-90E8-A19DD338613E}.Signed|x64.ActiveCfg = Release|Any CPU
		{96D1A48C-8711-4AC8-BF63-0023B711AC21}.Debug|Any CPU.ActiveCfg = Debug|Any CPU
		{96D1A48C-8711-4AC8-BF63-0023B711AC21}.Debug|Any CPU.Build.0 = Debug|Any CPU
		{96D1A48C-8711-4AC8-BF63-0023B711AC21}.Debug|x64.ActiveCfg = Debug|Any CPU
		{96D1A48C-8711-4AC8-BF63-0023B711AC21}.Release|Any CPU.ActiveCfg = Release|Any CPU
		{96D1A48C-8711-4AC8-BF63-0023B711AC21}.Release|Any CPU.Build.0 = Release|Any CPU
		{96D1A48C-8711-4AC8-BF63-0023B711AC21}.Release|x64.ActiveCfg = Release|Any CPU
		{96D1A48C-8711-4AC8-BF63-0023B711AC21}.Signed|Any CPU.ActiveCfg = Release|Any CPU
		{96D1A48C-8711-4AC8-BF63-0023B711AC21}.Signed|Any CPU.Build.0 = Release|Any CPU
		{96D1A48C-8711-4AC8-BF63-0023B711AC21}.Signed|x64.ActiveCfg = Release|Any CPU
		{EC73C2AA-2D9C-4CD9-87DD-D988D151C450}.Debug|Any CPU.ActiveCfg = Debug|Any CPU
		{EC73C2AA-2D9C-4CD9-87DD-D988D151C450}.Debug|Any CPU.Build.0 = Debug|Any CPU
		{EC73C2AA-2D9C-4CD9-87DD-D988D151C450}.Debug|x64.ActiveCfg = Debug|Any CPU
		{EC73C2AA-2D9C-4CD9-87DD-D988D151C450}.Release|Any CPU.ActiveCfg = Release|Any CPU
		{EC73C2AA-2D9C-4CD9-87DD-D988D151C450}.Release|Any CPU.Build.0 = Release|Any CPU
		{EC73C2AA-2D9C-4CD9-87DD-D988D151C450}.Release|x64.ActiveCfg = Release|Any CPU
		{EC73C2AA-2D9C-4CD9-87DD-D988D151C450}.Signed|Any CPU.ActiveCfg = Release|Any CPU
		{EC73C2AA-2D9C-4CD9-87DD-D988D151C450}.Signed|Any CPU.Build.0 = Release|Any CPU
		{EC73C2AA-2D9C-4CD9-87DD-D988D151C450}.Signed|x64.ActiveCfg = Release|Any CPU
		{A1016C83-7FBF-4FBF-A658-AEC6EAE80E93}.Debug|Any CPU.ActiveCfg = Debug|Any CPU
		{A1016C83-7FBF-4FBF-A658-AEC6EAE80E93}.Debug|Any CPU.Build.0 = Debug|Any CPU
		{A1016C83-7FBF-4FBF-A658-AEC6EAE80E93}.Debug|x64.ActiveCfg = Debug|Any CPU
		{A1016C83-7FBF-4FBF-A658-AEC6EAE80E93}.Release|Any CPU.ActiveCfg = Release|Any CPU
		{A1016C83-7FBF-4FBF-A658-AEC6EAE80E93}.Release|Any CPU.Build.0 = Release|Any CPU
		{A1016C83-7FBF-4FBF-A658-AEC6EAE80E93}.Release|x64.ActiveCfg = Release|Any CPU
		{A1016C83-7FBF-4FBF-A658-AEC6EAE80E93}.Signed|Any CPU.ActiveCfg = Release|Any CPU
		{A1016C83-7FBF-4FBF-A658-AEC6EAE80E93}.Signed|Any CPU.Build.0 = Release|Any CPU
		{A1016C83-7FBF-4FBF-A658-AEC6EAE80E93}.Signed|x64.ActiveCfg = Release|Any CPU
		{859BD5F7-21CE-481B-A34B-7DDC8497EACC}.Debug|Any CPU.ActiveCfg = Debug|Any CPU
		{859BD5F7-21CE-481B-A34B-7DDC8497EACC}.Debug|Any CPU.Build.0 = Debug|Any CPU
		{859BD5F7-21CE-481B-A34B-7DDC8497EACC}.Debug|x64.ActiveCfg = Debug|Any CPU
		{859BD5F7-21CE-481B-A34B-7DDC8497EACC}.Release|Any CPU.ActiveCfg = Release|Any CPU
		{859BD5F7-21CE-481B-A34B-7DDC8497EACC}.Release|Any CPU.Build.0 = Release|Any CPU
		{859BD5F7-21CE-481B-A34B-7DDC8497EACC}.Release|x64.ActiveCfg = Release|Any CPU
		{859BD5F7-21CE-481B-A34B-7DDC8497EACC}.Signed|Any CPU.ActiveCfg = Release|Any CPU
		{859BD5F7-21CE-481B-A34B-7DDC8497EACC}.Signed|Any CPU.Build.0 = Release|Any CPU
		{859BD5F7-21CE-481B-A34B-7DDC8497EACC}.Signed|x64.ActiveCfg = Release|Any CPU
		{C4D1F310-29B2-4019-9C4F-C9C587A99279}.Debug|Any CPU.ActiveCfg = Debug|Any CPU
		{C4D1F310-29B2-4019-9C4F-C9C587A99279}.Debug|Any CPU.Build.0 = Debug|Any CPU
		{C4D1F310-29B2-4019-9C4F-C9C587A99279}.Debug|x64.ActiveCfg = Debug|Any CPU
		{C4D1F310-29B2-4019-9C4F-C9C587A99279}.Release|Any CPU.ActiveCfg = Release|Any CPU
		{C4D1F310-29B2-4019-9C4F-C9C587A99279}.Release|Any CPU.Build.0 = Release|Any CPU
		{C4D1F310-29B2-4019-9C4F-C9C587A99279}.Release|x64.ActiveCfg = Release|Any CPU
		{C4D1F310-29B2-4019-9C4F-C9C587A99279}.Signed|Any CPU.ActiveCfg = Release|Any CPU
		{C4D1F310-29B2-4019-9C4F-C9C587A99279}.Signed|Any CPU.Build.0 = Release|Any CPU
		{C4D1F310-29B2-4019-9C4F-C9C587A99279}.Signed|x64.ActiveCfg = Release|Any CPU
		{1DFE7B77-5BDA-4879-BC74-25EE99E61D37}.Debug|Any CPU.ActiveCfg = Debug|Any CPU
		{1DFE7B77-5BDA-4879-BC74-25EE99E61D37}.Debug|Any CPU.Build.0 = Debug|Any CPU
		{1DFE7B77-5BDA-4879-BC74-25EE99E61D37}.Debug|x64.ActiveCfg = Debug|Any CPU
		{1DFE7B77-5BDA-4879-BC74-25EE99E61D37}.Release|Any CPU.ActiveCfg = Release|Any CPU
		{1DFE7B77-5BDA-4879-BC74-25EE99E61D37}.Release|Any CPU.Build.0 = Release|Any CPU
		{1DFE7B77-5BDA-4879-BC74-25EE99E61D37}.Release|x64.ActiveCfg = Release|Any CPU
		{1DFE7B77-5BDA-4879-BC74-25EE99E61D37}.Signed|Any CPU.ActiveCfg = Release|Any CPU
		{1DFE7B77-5BDA-4879-BC74-25EE99E61D37}.Signed|Any CPU.Build.0 = Release|Any CPU
		{1DFE7B77-5BDA-4879-BC74-25EE99E61D37}.Signed|x64.ActiveCfg = Release|Any CPU
		{A8744779-B3CE-49F0-95AF-2906BD9891FF}.Debug|Any CPU.ActiveCfg = Debug|Any CPU
		{A8744779-B3CE-49F0-95AF-2906BD9891FF}.Debug|Any CPU.Build.0 = Debug|Any CPU
		{A8744779-B3CE-49F0-95AF-2906BD9891FF}.Debug|x64.ActiveCfg = Debug|Any CPU
		{A8744779-B3CE-49F0-95AF-2906BD9891FF}.Release|Any CPU.ActiveCfg = Release|Any CPU
		{A8744779-B3CE-49F0-95AF-2906BD9891FF}.Release|Any CPU.Build.0 = Release|Any CPU
		{A8744779-B3CE-49F0-95AF-2906BD9891FF}.Release|x64.ActiveCfg = Release|Any CPU
		{A8744779-B3CE-49F0-95AF-2906BD9891FF}.Signed|Any CPU.ActiveCfg = Release|Any CPU
		{A8744779-B3CE-49F0-95AF-2906BD9891FF}.Signed|Any CPU.Build.0 = Release|Any CPU
		{A8744779-B3CE-49F0-95AF-2906BD9891FF}.Signed|x64.ActiveCfg = Release|Any CPU
		{CA335D51-BCD7-4D88-8016-57DEA03FC6C1}.Debug|Any CPU.ActiveCfg = Debug|Any CPU
		{CA335D51-BCD7-4D88-8016-57DEA03FC6C1}.Debug|Any CPU.Build.0 = Debug|Any CPU
		{CA335D51-BCD7-4D88-8016-57DEA03FC6C1}.Debug|x64.ActiveCfg = Debug|Any CPU
		{CA335D51-BCD7-4D88-8016-57DEA03FC6C1}.Release|Any CPU.ActiveCfg = Release|Any CPU
		{CA335D51-BCD7-4D88-8016-57DEA03FC6C1}.Release|Any CPU.Build.0 = Release|Any CPU
		{CA335D51-BCD7-4D88-8016-57DEA03FC6C1}.Release|x64.ActiveCfg = Release|Any CPU
		{CA335D51-BCD7-4D88-8016-57DEA03FC6C1}.Signed|Any CPU.ActiveCfg = Release|Any CPU
		{CA335D51-BCD7-4D88-8016-57DEA03FC6C1}.Signed|Any CPU.Build.0 = Release|Any CPU
		{CA335D51-BCD7-4D88-8016-57DEA03FC6C1}.Signed|x64.ActiveCfg = Release|Any CPU
		{C49902E4-7448-45FF-B336-A590E80BCCFA}.Debug|Any CPU.ActiveCfg = Debug|Any CPU
		{C49902E4-7448-45FF-B336-A590E80BCCFA}.Debug|Any CPU.Build.0 = Debug|Any CPU
		{C49902E4-7448-45FF-B336-A590E80BCCFA}.Debug|x64.ActiveCfg = Debug|Any CPU
		{C49902E4-7448-45FF-B336-A590E80BCCFA}.Release|Any CPU.ActiveCfg = Release|Any CPU
		{C49902E4-7448-45FF-B336-A590E80BCCFA}.Release|Any CPU.Build.0 = Release|Any CPU
		{C49902E4-7448-45FF-B336-A590E80BCCFA}.Release|x64.ActiveCfg = Release|Any CPU
		{C49902E4-7448-45FF-B336-A590E80BCCFA}.Signed|Any CPU.ActiveCfg = Release|Any CPU
		{C49902E4-7448-45FF-B336-A590E80BCCFA}.Signed|Any CPU.Build.0 = Release|Any CPU
		{C49902E4-7448-45FF-B336-A590E80BCCFA}.Signed|x64.ActiveCfg = Release|Any CPU
		{DF86D569-7601-4F38-9C8E-6B22DFF0CD9B}.Debug|Any CPU.ActiveCfg = Debug|Any CPU
		{DF86D569-7601-4F38-9C8E-6B22DFF0CD9B}.Debug|Any CPU.Build.0 = Debug|Any CPU
		{DF86D569-7601-4F38-9C8E-6B22DFF0CD9B}.Debug|x64.ActiveCfg = Debug|Any CPU
		{DF86D569-7601-4F38-9C8E-6B22DFF0CD9B}.Release|Any CPU.ActiveCfg = Release|Any CPU
		{DF86D569-7601-4F38-9C8E-6B22DFF0CD9B}.Release|Any CPU.Build.0 = Release|Any CPU
		{DF86D569-7601-4F38-9C8E-6B22DFF0CD9B}.Release|x64.ActiveCfg = Release|Any CPU
		{DF86D569-7601-4F38-9C8E-6B22DFF0CD9B}.Signed|Any CPU.ActiveCfg = Release|Any CPU
		{DF86D569-7601-4F38-9C8E-6B22DFF0CD9B}.Signed|Any CPU.Build.0 = Release|Any CPU
		{DF86D569-7601-4F38-9C8E-6B22DFF0CD9B}.Signed|x64.ActiveCfg = Release|Any CPU
		{27F90856-0ADE-4E6F-AC0A-94EB3BE7C0DD}.Debug|Any CPU.ActiveCfg = Debug|Any CPU
		{27F90856-0ADE-4E6F-AC0A-94EB3BE7C0DD}.Debug|Any CPU.Build.0 = Debug|Any CPU
		{27F90856-0ADE-4E6F-AC0A-94EB3BE7C0DD}.Debug|x64.ActiveCfg = Debug|Any CPU
		{27F90856-0ADE-4E6F-AC0A-94EB3BE7C0DD}.Release|Any CPU.ActiveCfg = Release|Any CPU
		{27F90856-0ADE-4E6F-AC0A-94EB3BE7C0DD}.Release|Any CPU.Build.0 = Release|Any CPU
		{27F90856-0ADE-4E6F-AC0A-94EB3BE7C0DD}.Release|x64.ActiveCfg = Release|Any CPU
		{27F90856-0ADE-4E6F-AC0A-94EB3BE7C0DD}.Signed|Any CPU.ActiveCfg = Release|Any CPU
		{27F90856-0ADE-4E6F-AC0A-94EB3BE7C0DD}.Signed|Any CPU.Build.0 = Release|Any CPU
		{27F90856-0ADE-4E6F-AC0A-94EB3BE7C0DD}.Signed|x64.ActiveCfg = Release|Any CPU
		{803AAC10-494C-4609-868A-6A9CB4BD49D4}.Debug|Any CPU.ActiveCfg = Debug|Any CPU
		{803AAC10-494C-4609-868A-6A9CB4BD49D4}.Debug|Any CPU.Build.0 = Debug|Any CPU
		{803AAC10-494C-4609-868A-6A9CB4BD49D4}.Debug|x64.ActiveCfg = Debug|Any CPU
		{803AAC10-494C-4609-868A-6A9CB4BD49D4}.Release|Any CPU.ActiveCfg = Release|Any CPU
		{803AAC10-494C-4609-868A-6A9CB4BD49D4}.Release|Any CPU.Build.0 = Release|Any CPU
		{803AAC10-494C-4609-868A-6A9CB4BD49D4}.Release|x64.ActiveCfg = Release|Any CPU
		{803AAC10-494C-4609-868A-6A9CB4BD49D4}.Signed|Any CPU.ActiveCfg = Release|Any CPU
		{803AAC10-494C-4609-868A-6A9CB4BD49D4}.Signed|Any CPU.Build.0 = Release|Any CPU
		{803AAC10-494C-4609-868A-6A9CB4BD49D4}.Signed|x64.ActiveCfg = Release|Any CPU
		{6A833954-44BB-4916-A0C0-8CF313CEB98A}.Debug|Any CPU.ActiveCfg = Debug|Any CPU
		{6A833954-44BB-4916-A0C0-8CF313CEB98A}.Debug|Any CPU.Build.0 = Debug|Any CPU
		{6A833954-44BB-4916-A0C0-8CF313CEB98A}.Debug|x64.ActiveCfg = Debug|Any CPU
		{6A833954-44BB-4916-A0C0-8CF313CEB98A}.Release|Any CPU.ActiveCfg = Release|Any CPU
		{6A833954-44BB-4916-A0C0-8CF313CEB98A}.Release|Any CPU.Build.0 = Release|Any CPU
		{6A833954-44BB-4916-A0C0-8CF313CEB98A}.Release|x64.ActiveCfg = Release|Any CPU
		{6A833954-44BB-4916-A0C0-8CF313CEB98A}.Signed|Any CPU.ActiveCfg = Release|Any CPU
		{6A833954-44BB-4916-A0C0-8CF313CEB98A}.Signed|Any CPU.Build.0 = Release|Any CPU
		{6A833954-44BB-4916-A0C0-8CF313CEB98A}.Signed|x64.ActiveCfg = Release|Any CPU
		{219A8D42-970A-4BDA-AB0A-E9F1A7F0E62A}.Debug|Any CPU.ActiveCfg = Debug|Any CPU
		{219A8D42-970A-4BDA-AB0A-E9F1A7F0E62A}.Debug|Any CPU.Build.0 = Debug|Any CPU
		{219A8D42-970A-4BDA-AB0A-E9F1A7F0E62A}.Debug|x64.ActiveCfg = Debug|Any CPU
		{219A8D42-970A-4BDA-AB0A-E9F1A7F0E62A}.Release|Any CPU.ActiveCfg = Release|Any CPU
		{219A8D42-970A-4BDA-AB0A-E9F1A7F0E62A}.Release|Any CPU.Build.0 = Release|Any CPU
		{219A8D42-970A-4BDA-AB0A-E9F1A7F0E62A}.Release|x64.ActiveCfg = Release|Any CPU
		{219A8D42-970A-4BDA-AB0A-E9F1A7F0E62A}.Signed|Any CPU.ActiveCfg = Release|Any CPU
		{219A8D42-970A-4BDA-AB0A-E9F1A7F0E62A}.Signed|Any CPU.Build.0 = Release|Any CPU
		{219A8D42-970A-4BDA-AB0A-E9F1A7F0E62A}.Signed|x64.ActiveCfg = Release|Any CPU
		{1F32FCF0-CE47-4640-8852-05FA6231E22C}.Debug|Any CPU.ActiveCfg = Debug|Any CPU
		{1F32FCF0-CE47-4640-8852-05FA6231E22C}.Debug|Any CPU.Build.0 = Debug|Any CPU
		{1F32FCF0-CE47-4640-8852-05FA6231E22C}.Debug|x64.ActiveCfg = Debug|Any CPU
		{1F32FCF0-CE47-4640-8852-05FA6231E22C}.Release|Any CPU.ActiveCfg = Release|Any CPU
		{1F32FCF0-CE47-4640-8852-05FA6231E22C}.Release|Any CPU.Build.0 = Release|Any CPU
		{1F32FCF0-CE47-4640-8852-05FA6231E22C}.Release|x64.ActiveCfg = Release|Any CPU
		{1F32FCF0-CE47-4640-8852-05FA6231E22C}.Signed|Any CPU.ActiveCfg = Release|Any CPU
		{1F32FCF0-CE47-4640-8852-05FA6231E22C}.Signed|Any CPU.Build.0 = Release|Any CPU
		{1F32FCF0-CE47-4640-8852-05FA6231E22C}.Signed|x64.ActiveCfg = Release|Any CPU
		{1887DC99-9139-43E3-A7AA-6D74714B3A5D}.Debug|Any CPU.ActiveCfg = Debug|Any CPU
		{1887DC99-9139-43E3-A7AA-6D74714B3A5D}.Debug|Any CPU.Build.0 = Debug|Any CPU
		{1887DC99-9139-43E3-A7AA-6D74714B3A5D}.Debug|x64.ActiveCfg = Debug|Any CPU
		{1887DC99-9139-43E3-A7AA-6D74714B3A5D}.Release|Any CPU.ActiveCfg = Release|Any CPU
		{1887DC99-9139-43E3-A7AA-6D74714B3A5D}.Release|Any CPU.Build.0 = Release|Any CPU
		{1887DC99-9139-43E3-A7AA-6D74714B3A5D}.Release|x64.ActiveCfg = Release|Any CPU
		{1887DC99-9139-43E3-A7AA-6D74714B3A5D}.Signed|Any CPU.ActiveCfg = Signed|Any CPU
		{1887DC99-9139-43E3-A7AA-6D74714B3A5D}.Signed|Any CPU.Build.0 = Signed|Any CPU
		{1887DC99-9139-43E3-A7AA-6D74714B3A5D}.Signed|x64.ActiveCfg = Signed|Any CPU
		{EDA54753-62E3-4722-A28E-201F1CCE3F33}.Debug|Any CPU.ActiveCfg = Debug|Any CPU
		{EDA54753-62E3-4722-A28E-201F1CCE3F33}.Debug|Any CPU.Build.0 = Debug|Any CPU
		{EDA54753-62E3-4722-A28E-201F1CCE3F33}.Debug|x64.ActiveCfg = Debug|x64
		{EDA54753-62E3-4722-A28E-201F1CCE3F33}.Debug|x64.Build.0 = Debug|x64
		{EDA54753-62E3-4722-A28E-201F1CCE3F33}.Release|Any CPU.ActiveCfg = Release|Any CPU
		{EDA54753-62E3-4722-A28E-201F1CCE3F33}.Release|Any CPU.Build.0 = Release|Any CPU
		{EDA54753-62E3-4722-A28E-201F1CCE3F33}.Release|x64.ActiveCfg = Release|x64
		{EDA54753-62E3-4722-A28E-201F1CCE3F33}.Release|x64.Build.0 = Release|x64
		{EDA54753-62E3-4722-A28E-201F1CCE3F33}.Signed|Any CPU.ActiveCfg = Release|Any CPU
		{EDA54753-62E3-4722-A28E-201F1CCE3F33}.Signed|Any CPU.Build.0 = Release|Any CPU
		{EDA54753-62E3-4722-A28E-201F1CCE3F33}.Signed|x64.ActiveCfg = Release|x64
		{EDA54753-62E3-4722-A28E-201F1CCE3F33}.Signed|x64.Build.0 = Release|x64
		{A6AB5F5E-55D1-467E-90EB-60464BB19B42}.Debug|Any CPU.ActiveCfg = Debug|Any CPU
		{A6AB5F5E-55D1-467E-90EB-60464BB19B42}.Debug|Any CPU.Build.0 = Debug|Any CPU
		{A6AB5F5E-55D1-467E-90EB-60464BB19B42}.Debug|x64.ActiveCfg = Debug|Any CPU
		{A6AB5F5E-55D1-467E-90EB-60464BB19B42}.Release|Any CPU.ActiveCfg = Release|Any CPU
		{A6AB5F5E-55D1-467E-90EB-60464BB19B42}.Release|Any CPU.Build.0 = Release|Any CPU
		{A6AB5F5E-55D1-467E-90EB-60464BB19B42}.Release|x64.ActiveCfg = Release|Any CPU
		{A6AB5F5E-55D1-467E-90EB-60464BB19B42}.Signed|Any CPU.ActiveCfg = Release|Any CPU
		{A6AB5F5E-55D1-467E-90EB-60464BB19B42}.Signed|Any CPU.Build.0 = Release|Any CPU
		{A6AB5F5E-55D1-467E-90EB-60464BB19B42}.Signed|x64.ActiveCfg = Release|Any CPU
		{BAE9A2EA-EEE9-409E-A939-3673A5375677}.Debug|Any CPU.ActiveCfg = Debug|Any CPU
		{BAE9A2EA-EEE9-409E-A939-3673A5375677}.Debug|Any CPU.Build.0 = Debug|Any CPU
		{BAE9A2EA-EEE9-409E-A939-3673A5375677}.Debug|x64.ActiveCfg = Debug|Any CPU
		{BAE9A2EA-EEE9-409E-A939-3673A5375677}.Release|Any CPU.ActiveCfg = Release|Any CPU
		{BAE9A2EA-EEE9-409E-A939-3673A5375677}.Release|Any CPU.Build.0 = Release|Any CPU
		{BAE9A2EA-EEE9-409E-A939-3673A5375677}.Release|x64.ActiveCfg = Release|Any CPU
		{BAE9A2EA-EEE9-409E-A939-3673A5375677}.Signed|Any CPU.ActiveCfg = Release|Any CPU
		{BAE9A2EA-EEE9-409E-A939-3673A5375677}.Signed|Any CPU.Build.0 = Release|Any CPU
		{BAE9A2EA-EEE9-409E-A939-3673A5375677}.Signed|x64.ActiveCfg = Release|Any CPU
		{A1366A1F-40ED-4D71-95BD-B40980B9F4E2}.Debug|Any CPU.ActiveCfg = Debug|Any CPU
		{A1366A1F-40ED-4D71-95BD-B40980B9F4E2}.Debug|Any CPU.Build.0 = Debug|Any CPU
		{A1366A1F-40ED-4D71-95BD-B40980B9F4E2}.Debug|x64.ActiveCfg = Debug|Any CPU
		{A1366A1F-40ED-4D71-95BD-B40980B9F4E2}.Release|Any CPU.ActiveCfg = Release|Any CPU
		{A1366A1F-40ED-4D71-95BD-B40980B9F4E2}.Release|Any CPU.Build.0 = Release|Any CPU
		{A1366A1F-40ED-4D71-95BD-B40980B9F4E2}.Release|x64.ActiveCfg = Release|Any CPU
		{A1366A1F-40ED-4D71-95BD-B40980B9F4E2}.Signed|Any CPU.ActiveCfg = Release|Any CPU
		{A1366A1F-40ED-4D71-95BD-B40980B9F4E2}.Signed|Any CPU.Build.0 = Release|Any CPU
		{A1366A1F-40ED-4D71-95BD-B40980B9F4E2}.Signed|x64.ActiveCfg = Release|Any CPU
		{1047D35F-2EE8-44A7-9BA4-F1A8E8E70470}.Debug|Any CPU.ActiveCfg = Debug|Any CPU
		{1047D35F-2EE8-44A7-9BA4-F1A8E8E70470}.Debug|Any CPU.Build.0 = Debug|Any CPU
		{1047D35F-2EE8-44A7-9BA4-F1A8E8E70470}.Debug|x64.ActiveCfg = Debug|Any CPU
		{1047D35F-2EE8-44A7-9BA4-F1A8E8E70470}.Release|Any CPU.ActiveCfg = Release|Any CPU
		{1047D35F-2EE8-44A7-9BA4-F1A8E8E70470}.Release|Any CPU.Build.0 = Release|Any CPU
		{1047D35F-2EE8-44A7-9BA4-F1A8E8E70470}.Release|x64.ActiveCfg = Release|Any CPU
		{1047D35F-2EE8-44A7-9BA4-F1A8E8E70470}.Signed|Any CPU.ActiveCfg = Release|Any CPU
		{1047D35F-2EE8-44A7-9BA4-F1A8E8E70470}.Signed|Any CPU.Build.0 = Release|Any CPU
		{1047D35F-2EE8-44A7-9BA4-F1A8E8E70470}.Signed|x64.ActiveCfg = Release|Any CPU
	EndGlobalSection
	GlobalSection(SolutionProperties) = preSolution
		HideSolutionNode = FALSE
	EndGlobalSection
	GlobalSection(NestedProjects) = preSolution
		{6A833954-44BB-4916-A0C0-8CF313CEB98A} = {082EE397-4463-48B5-AAF8-752679ED1415}
		{219A8D42-970A-4BDA-AB0A-E9F1A7F0E62A} = {082EE397-4463-48B5-AAF8-752679ED1415}
		{1F32FCF0-CE47-4640-8852-05FA6231E22C} = {082EE397-4463-48B5-AAF8-752679ED1415}
		{1887DC99-9139-43E3-A7AA-6D74714B3A5D} = {082EE397-4463-48B5-AAF8-752679ED1415}
		{B6A7B291-9F23-40D2-8DC4-3A63F35F0EB0} = {A0F3DF4E-69CD-4D4B-AFBA-EC0CAD5B08AA}
		{C4D1F310-29B2-4019-9C4F-C9C587A99279} = {967FE9DA-5B47-4A42-AFDC-8EE383EB33BF}
		{1DFE7B77-5BDA-4879-BC74-25EE99E61D37} = {967FE9DA-5B47-4A42-AFDC-8EE383EB33BF}
		{A8744779-B3CE-49F0-95AF-2906BD9891FF} = {967FE9DA-5B47-4A42-AFDC-8EE383EB33BF}
		{EC73C2AA-2D9C-4CD9-87DD-D988D151C450} = {5FE0BF33-7359-4158-AE8F-BC518AD4F8D7}
		{A1016C83-7FBF-4FBF-A658-AEC6EAE80E93} = {5FE0BF33-7359-4158-AE8F-BC518AD4F8D7}
		{859BD5F7-21CE-481B-A34B-7DDC8497EACC} = {5FE0BF33-7359-4158-AE8F-BC518AD4F8D7}
		{27F90856-0ADE-4E6F-AC0A-94EB3BE7C0DD} = {606A1CC8-0DFB-4E5A-BDDB-E4C62F54611B}
		{803AAC10-494C-4609-868A-6A9CB4BD49D4} = {606A1CC8-0DFB-4E5A-BDDB-E4C62F54611B}
		{628FF3D3-B976-4EAC-90E8-A19DD338613E} = {D4E8B5B4-E905-4ED6-A7DC-6FC8E9143CD8}
		{96D1A48C-8711-4AC8-BF63-0023B711AC21} = {D4E8B5B4-E905-4ED6-A7DC-6FC8E9143CD8}
		{CA335D51-BCD7-4D88-8016-57DEA03FC6C1} = {C1DCF24C-9CAE-4EBC-8DAD-479B47836E03}
		{C49902E4-7448-45FF-B336-A590E80BCCFA} = {C1DCF24C-9CAE-4EBC-8DAD-479B47836E03}
		{DF86D569-7601-4F38-9C8E-6B22DFF0CD9B} = {C1DCF24C-9CAE-4EBC-8DAD-479B47836E03}
		{D7921231-B897-4A94-8C70-0B0E66B3C09E} = {70178E9B-1F4D-4228-A95C-12774E7059DF}
		{1DBC040B-98DF-4B27-8DDC-3847BDE3C391} = {70178E9B-1F4D-4228-A95C-12774E7059DF}
		{64BF5C5F-FE1B-42D5-8255-DC6F41242D9F} = {70178E9B-1F4D-4228-A95C-12774E7059DF}
		{EDA54753-62E3-4722-A28E-201F1CCE3F33} = {B3FC9104-56ED-423B-8713-87FCB4175FE4}
		{A6AB5F5E-55D1-467E-90EB-60464BB19B42} = {B3FC9104-56ED-423B-8713-87FCB4175FE4}
		{BAE9A2EA-EEE9-409E-A939-3673A5375677} = {B3FC9104-56ED-423B-8713-87FCB4175FE4}
		{A1366A1F-40ED-4D71-95BD-B40980B9F4E2} = {B3FC9104-56ED-423B-8713-87FCB4175FE4}
		{1047D35F-2EE8-44A7-9BA4-F1A8E8E70470} = {B3FC9104-56ED-423B-8713-87FCB4175FE4}
	EndGlobalSection
EndGlobal
